
Microsoft Visual Studio Solution File, Format Version 12.00
# Visual Studio 15
VisualStudioVersion = 15.0.28307.539
MinimumVisualStudioVersion = 10.0.40219.1
Project("{FAE04EC0-301F-11D3-BF4B-00C04F79EFBC}") = "SystemSearchWFA", "SystemSearchWFA\SystemSearchWFA.csproj", "{494A333C-AC02-4B06-9780-D4BF398AAB1E}"
EndProject
Global
	GlobalSection(SolutionConfigurationPlatforms) = preSolution
		Debug|Any CPU = Debug|Any CPU
		Release|Any CPU = Release|Any CPU
	EndGlobalSection
	GlobalSection(ProjectConfigurationPlatforms) = postSolution
		{494A333C-AC02-4B06-9780-D4BF398AAB1E}.Debug|Any CPU.ActiveCfg = Debug|Any CPU
		{494A333C-AC02-4B06-9780-D4BF398AAB1E}.Debug|Any CPU.Build.0 = Debug|Any CPU
		{494A333C-AC02-4B06-9780-D4BF398AAB1E}.Release|Any CPU.ActiveCfg = Release|Any CPU
		{494A333C-AC02-4B06-9780-D4BF398AAB1E}.Release|Any CPU.Build.0 = Release|Any CPU
	EndGlobalSection
	GlobalSection(SolutionProperties) = preSolution
		HideSolutionNode = FALSE
	EndGlobalSection
	GlobalSection(ExtensibilityGlobals) = postSolution
		SolutionGuid = {AA9AF947-0E63-4170-B952-AD6A93322CEB}
	EndGlobalSection
EndGlobal
